// !$*UTF8*$!
{
	archiveVersion = 1;
	classes = {
	};
	objectVersion = 50;
	objects = {

/* Begin PBXBuildFile section */
		656842327DF6C8CD49416768 /* Pods_MKKit.framework in Frameworks */ = {isa = PBXBuildFile; fileRef = 88839D4EAC9D7033257FB684 /* Pods_MKKit.framework */; };
		7DE2440920F39781008F0B19 /* AppDelegate.swift in Sources */ = {isa = PBXBuildFile; fileRef = 7DE2440820F39781008F0B19 /* AppDelegate.swift */; };
		7DE2440B20F39781008F0B19 /* ViewController.swift in Sources */ = {isa = PBXBuildFile; fileRef = 7DE2440A20F39781008F0B19 /* ViewController.swift */; };
		7DE2440E20F39781008F0B19 /* Main.storyboard in Resources */ = {isa = PBXBuildFile; fileRef = 7DE2440C20F39781008F0B19 /* Main.storyboard */; };
		7DE2441020F39783008F0B19 /* Assets.xcassets in Resources */ = {isa = PBXBuildFile; fileRef = 7DE2440F20F39783008F0B19 /* Assets.xcassets */; };
		7DE2441320F39783008F0B19 /* LaunchScreen.storyboard in Resources */ = {isa = PBXBuildFile; fileRef = 7DE2441120F39783008F0B19 /* LaunchScreen.storyboard */; };
		7DE2441E20F39783008F0B19 /* MKKitTests.swift in Sources */ = {isa = PBXBuildFile; fileRef = 7DE2441D20F39783008F0B19 /* MKKitTests.swift */; };
		7DE2442920F39783008F0B19 /* MKKitUITests.swift in Sources */ = {isa = PBXBuildFile; fileRef = 7DE2442820F39783008F0B19 /* MKKitUITests.swift */; };
		7DE2443A20F39955008F0B19 /* AppConfig.swift in Sources */ = {isa = PBXBuildFile; fileRef = 7DE2443920F39955008F0B19 /* AppConfig.swift */; };
		7DE2443C20F3999F008F0B19 /* UIView+Extension.swift in Sources */ = {isa = PBXBuildFile; fileRef = 7DE2443B20F3999F008F0B19 /* UIView+Extension.swift */; };
		7DE2443E20F39B60008F0B19 /* UIViewController+Extension.swift in Sources */ = {isa = PBXBuildFile; fileRef = 7DE2443D20F39B60008F0B19 /* UIViewController+Extension.swift */; };
		7DE2444020F3A54A008F0B19 /* GARegexHelper.swift in Sources */ = {isa = PBXBuildFile; fileRef = 7DE2443F20F3A549008F0B19 /* GARegexHelper.swift */; };
		7DE2444220F3A626008F0B19 /* Validate.swift in Sources */ = {isa = PBXBuildFile; fileRef = 7DE2444120F3A626008F0B19 /* Validate.swift */; };
		7DE2444420F3A68D008F0B19 /* S4SAlert.swift in Sources */ = {isa = PBXBuildFile; fileRef = 7DE2444320F3A68D008F0B19 /* S4SAlert.swift */; };
		7DE2444620F3A6DA008F0B19 /* String+S4S.swift in Sources */ = {isa = PBXBuildFile; fileRef = 7DE2444520F3A6DA008F0B19 /* String+S4S.swift */; };
		7DE2444920F3A710008F0B19 /* UIKit.framework in Frameworks */ = {isa = PBXBuildFile; fileRef = 7DE2444820F3A710008F0B19 /* UIKit.framework */; };
		7DE2444B20F3A987008F0B19 /* S4STableViewController.swift in Sources */ = {isa = PBXBuildFile; fileRef = 7DE2444A20F3A987008F0B19 /* S4STableViewController.swift */; };
		7DE2444E20F3AC2E008F0B19 /* MapTool.swift in Sources */ = {isa = PBXBuildFile; fileRef = 7DE2444D20F3AC2E008F0B19 /* MapTool.swift */; };
		7DE2445020F3ACFF008F0B19 /* DatePickerDialog.swift in Sources */ = {isa = PBXBuildFile; fileRef = 7DE2444F20F3ACFF008F0B19 /* DatePickerDialog.swift */; };
		7DE2445420F3ADA9008F0B19 /* UIViewController+Help.m in Sources */ = {isa = PBXBuildFile; fileRef = 7DE2445220F3ADA8008F0B19 /* UIViewController+Help.m */; };
		7DE2445620F3AE01008F0B19 /* UIColor+S4S.swift in Sources */ = {isa = PBXBuildFile; fileRef = 7DE2445520F3AE01008F0B19 /* UIColor+S4S.swift */; };
		7DE2445820F3AFC0008F0B19 /* PopMenu.swift in Sources */ = {isa = PBXBuildFile; fileRef = 7DE2445720F3AFBF008F0B19 /* PopMenu.swift */; };
/* End PBXBuildFile section */

/* Begin PBXContainerItemProxy section */
		7DE2441A20F39783008F0B19 /* PBXContainerItemProxy */ = {
			isa = PBXContainerItemProxy;
			containerPortal = 7DE243FD20F39781008F0B19 /* Project object */;
			proxyType = 1;
			remoteGlobalIDString = 7DE2440420F39781008F0B19;
			remoteInfo = MKKit;
		};
		7DE2442520F39783008F0B19 /* PBXContainerItemProxy */ = {
			isa = PBXContainerItemProxy;
			containerPortal = 7DE243FD20F39781008F0B19 /* Project object */;
			proxyType = 1;
			remoteGlobalIDString = 7DE2440420F39781008F0B19;
			remoteInfo = MKKit;
		};
/* End PBXContainerItemProxy section */

/* Begin PBXFileReference section */
		0957FD33D7115AE0C1E41F9C /* Pods-MKKit.release.xcconfig */ = {isa = PBXFileReference; includeInIndex = 1; lastKnownFileType = text.xcconfig; name = "Pods-MKKit.release.xcconfig"; path = "Pods/Target Support Files/Pods-MKKit/Pods-MKKit.release.xcconfig"; sourceTree = "<group>"; };
		7DE2440520F39781008F0B19 /* MKKit.app */ = {isa = PBXFileReference; explicitFileType = wrapper.application; includeInIndex = 0; path = MKKit.app; sourceTree = BUILT_PRODUCTS_DIR; };
		7DE2440820F39781008F0B19 /* AppDelegate.swift */ = {isa = PBXFileReference; lastKnownFileType = sourcecode.swift; path = AppDelegate.swift; sourceTree = "<group>"; };
		7DE2440A20F39781008F0B19 /* ViewController.swift */ = {isa = PBXFileReference; lastKnownFileType = sourcecode.swift; path = ViewController.swift; sourceTree = "<group>"; };
		7DE2440D20F39781008F0B19 /* Base */ = {isa = PBXFileReference; lastKnownFileType = file.storyboard; name = Base; path = Base.lproj/Main.storyboard; sourceTree = "<group>"; };
		7DE2440F20F39783008F0B19 /* Assets.xcassets */ = {isa = PBXFileReference; lastKnownFileType = folder.assetcatalog; path = Assets.xcassets; sourceTree = "<group>"; };
		7DE2441220F39783008F0B19 /* Base */ = {isa = PBXFileReference; lastKnownFileType = file.storyboard; name = Base; path = Base.lproj/LaunchScreen.storyboard; sourceTree = "<group>"; };
		7DE2441420F39783008F0B19 /* Info.plist */ = {isa = PBXFileReference; lastKnownFileType = text.plist.xml; path = Info.plist; sourceTree = "<group>"; };
		7DE2441920F39783008F0B19 /* MKKitTests.xctest */ = {isa = PBXFileReference; explicitFileType = wrapper.cfbundle; includeInIndex = 0; path = MKKitTests.xctest; sourceTree = BUILT_PRODUCTS_DIR; };
		7DE2441D20F39783008F0B19 /* MKKitTests.swift */ = {isa = PBXFileReference; lastKnownFileType = sourcecode.swift; path = MKKitTests.swift; sourceTree = "<group>"; };
		7DE2441F20F39783008F0B19 /* Info.plist */ = {isa = PBXFileReference; lastKnownFileType = text.plist.xml; path = Info.plist; sourceTree = "<group>"; };
		7DE2442420F39783008F0B19 /* MKKitUITests.xctest */ = {isa = PBXFileReference; explicitFileType = wrapper.cfbundle; includeInIndex = 0; path = MKKitUITests.xctest; sourceTree = BUILT_PRODUCTS_DIR; };
		7DE2442820F39783008F0B19 /* MKKitUITests.swift */ = {isa = PBXFileReference; lastKnownFileType = sourcecode.swift; path = MKKitUITests.swift; sourceTree = "<group>"; };
		7DE2442A20F39783008F0B19 /* Info.plist */ = {isa = PBXFileReference; lastKnownFileType = text.plist.xml; path = Info.plist; sourceTree = "<group>"; };
		7DE2443920F39955008F0B19 /* AppConfig.swift */ = {isa = PBXFileReference; lastKnownFileType = sourcecode.swift; path = AppConfig.swift; sourceTree = "<group>"; };
		7DE2443B20F3999F008F0B19 /* UIView+Extension.swift */ = {isa = PBXFileReference; lastKnownFileType = sourcecode.swift; path = "UIView+Extension.swift"; sourceTree = "<group>"; };
		7DE2443D20F39B60008F0B19 /* UIViewController+Extension.swift */ = {isa = PBXFileReference; lastKnownFileType = sourcecode.swift; path = "UIViewController+Extension.swift"; sourceTree = "<group>"; };
		7DE2443F20F3A549008F0B19 /* GARegexHelper.swift */ = {isa = PBXFileReference; fileEncoding = 4; lastKnownFileType = sourcecode.swift; path = GARegexHelper.swift; sourceTree = "<group>"; };
		7DE2444120F3A626008F0B19 /* Validate.swift */ = {isa = PBXFileReference; lastKnownFileType = sourcecode.swift; path = Validate.swift; sourceTree = "<group>"; };
		7DE2444320F3A68D008F0B19 /* S4SAlert.swift */ = {isa = PBXFileReference; fileEncoding = 4; lastKnownFileType = sourcecode.swift; path = S4SAlert.swift; sourceTree = "<group>"; };
		7DE2444520F3A6DA008F0B19 /* String+S4S.swift */ = {isa = PBXFileReference; fileEncoding = 4; lastKnownFileType = sourcecode.swift; path = "String+S4S.swift"; sourceTree = "<group>"; };
		7DE2444820F3A710008F0B19 /* UIKit.framework */ = {isa = PBXFileReference; lastKnownFileType = wrapper.framework; name = UIKit.framework; path = System/Library/Frameworks/UIKit.framework; sourceTree = SDKROOT; };
		7DE2444A20F3A987008F0B19 /* S4STableViewController.swift */ = {isa = PBXFileReference; lastKnownFileType = sourcecode.swift; path = S4STableViewController.swift; sourceTree = "<group>"; };
		7DE2444D20F3AC2E008F0B19 /* MapTool.swift */ = {isa = PBXFileReference; fileEncoding = 4; lastKnownFileType = sourcecode.swift; path = MapTool.swift; sourceTree = "<group>"; };
		7DE2444F20F3ACFF008F0B19 /* DatePickerDialog.swift */ = {isa = PBXFileReference; fileEncoding = 4; lastKnownFileType = sourcecode.swift; path = DatePickerDialog.swift; sourceTree = "<group>"; };
		7DE2445120F3ADA7008F0B19 /* MKKit-Bridging-Header.h */ = {isa = PBXFileReference; lastKnownFileType = sourcecode.c.h; path = "MKKit-Bridging-Header.h"; sourceTree = "<group>"; };
		7DE2445220F3ADA8008F0B19 /* UIViewController+Help.m */ = {isa = PBXFileReference; fileEncoding = 4; lastKnownFileType = sourcecode.c.objc; path = "UIViewController+Help.m"; sourceTree = "<group>"; };
		7DE2445320F3ADA8008F0B19 /* UIViewController+Help.h */ = {isa = PBXFileReference; fileEncoding = 4; lastKnownFileType = sourcecode.c.h; path = "UIViewController+Help.h"; sourceTree = "<group>"; };
		7DE2445520F3AE01008F0B19 /* UIColor+S4S.swift */ = {isa = PBXFileReference; fileEncoding = 4; lastKnownFileType = sourcecode.swift; name = "UIColor+S4S.swift"; path = "../../../../cbb/CheBaobao/Extension/UIColor+S4S.swift"; sourceTree = "<group>"; };
		7DE2445720F3AFBF008F0B19 /* PopMenu.swift */ = {isa = PBXFileReference; fileEncoding = 4; lastKnownFileType = sourcecode.swift; path = PopMenu.swift; sourceTree = "<group>"; };
		88839D4EAC9D7033257FB684 /* Pods_MKKit.framework */ = {isa = PBXFileReference; explicitFileType = wrapper.framework; includeInIndex = 0; path = Pods_MKKit.framework; sourceTree = BUILT_PRODUCTS_DIR; };
		A4814EC1DBC250DE83C1FB6C /* Pods-MKKit.debug.xcconfig */ = {isa = PBXFileReference; includeInIndex = 1; lastKnownFileType = text.xcconfig; name = "Pods-MKKit.debug.xcconfig"; path = "Pods/Target Support Files/Pods-MKKit/Pods-MKKit.debug.xcconfig"; sourceTree = "<group>"; };
/* End PBXFileReference section */

/* Begin PBXFrameworksBuildPhase section */
		7DE2440220F39781008F0B19 /* Frameworks */ = {
			isa = PBXFrameworksBuildPhase;
			buildActionMask = 2147483647;
			files = (
				7DE2444920F3A710008F0B19 /* UIKit.framework in Frameworks */,
				656842327DF6C8CD49416768 /* Pods_MKKit.framework in Frameworks */,
			);
			runOnlyForDeploymentPostprocessing = 0;
		};
		7DE2441620F39783008F0B19 /* Frameworks */ = {
			isa = PBXFrameworksBuildPhase;
			buildActionMask = 2147483647;
			files = (
			);
			runOnlyForDeploymentPostprocessing = 0;
		};
		7DE2442120F39783008F0B19 /* Frameworks */ = {
			isa = PBXFrameworksBuildPhase;
			buildActionMask = 2147483647;
			files = (
			);
			runOnlyForDeploymentPostprocessing = 0;
		};
/* End PBXFrameworksBuildPhase section */

/* Begin PBXGroup section */
		7DE243FC20F39781008F0B19 = {
			isa = PBXGroup;
			children = (
				7DE2440720F39781008F0B19 /* MKKit */,
				7DE2441C20F39783008F0B19 /* MKKitTests */,
				7DE2442720F39783008F0B19 /* MKKitUITests */,
				7DE2440620F39781008F0B19 /* Products */,
				7DE2444720F3A710008F0B19 /* Frameworks */,
				CAD691A49135F39E6B2254B3 /* Pods */,
			);
			sourceTree = "<group>";
		};
		7DE2440620F39781008F0B19 /* Products */ = {
			isa = PBXGroup;
			children = (
				7DE2440520F39781008F0B19 /* MKKit.app */,
				7DE2441920F39783008F0B19 /* MKKitTests.xctest */,
				7DE2442420F39783008F0B19 /* MKKitUITests.xctest */,
			);
			name = Products;
			sourceTree = "<group>";
		};
		7DE2440720F39781008F0B19 /* MKKit */ = {
			isa = PBXGroup;
			children = (
				7DE2443820F39921008F0B19 /* Help */,
				7DE2443720F398EC008F0B19 /* DemoVC */,
				7DE2443620F398D9008F0B19 /* MKKit */,
				7DE2440820F39781008F0B19 /* AppDelegate.swift */,
				7DE2440A20F39781008F0B19 /* ViewController.swift */,
				7DE2440C20F39781008F0B19 /* Main.storyboard */,
				7DE2440F20F39783008F0B19 /* Assets.xcassets */,
				7DE2441120F39783008F0B19 /* LaunchScreen.storyboard */,
				7DE2441420F39783008F0B19 /* Info.plist */,
			);
			path = MKKit;
			sourceTree = "<group>";
		};
		7DE2441C20F39783008F0B19 /* MKKitTests */ = {
			isa = PBXGroup;
			children = (
				7DE2441D20F39783008F0B19 /* MKKitTests.swift */,
				7DE2441F20F39783008F0B19 /* Info.plist */,
			);
			path = MKKitTests;
			sourceTree = "<group>";
		};
		7DE2442720F39783008F0B19 /* MKKitUITests */ = {
			isa = PBXGroup;
			children = (
				7DE2442820F39783008F0B19 /* MKKitUITests.swift */,
				7DE2442A20F39783008F0B19 /* Info.plist */,
			);
			path = MKKitUITests;
			sourceTree = "<group>";
		};
		7DE2443620F398D9008F0B19 /* MKKit */ = {
			isa = PBXGroup;
			children = (
				7DE2445720F3AFBF008F0B19 /* PopMenu.swift */,
				7DE2445520F3AE01008F0B19 /* UIColor+S4S.swift */,
				7DE2445320F3ADA8008F0B19 /* UIViewController+Help.h */,
				7DE2445220F3ADA8008F0B19 /* UIViewController+Help.m */,
				7DE2444F20F3ACFF008F0B19 /* DatePickerDialog.swift */,
				7DE2444D20F3AC2E008F0B19 /* MapTool.swift */,
				7DE2444520F3A6DA008F0B19 /* String+S4S.swift */,
				7DE2444320F3A68D008F0B19 /* S4SAlert.swift */,
				7DE2443F20F3A549008F0B19 /* GARegexHelper.swift */,
				7DE2444120F3A626008F0B19 /* Validate.swift */,
				7DE2444A20F3A987008F0B19 /* S4STableViewController.swift */,
				7DE2445120F3ADA7008F0B19 /* MKKit-Bridging-Header.h */,
			);
			path = MKKit;
			sourceTree = "<group>";
		};
		7DE2443720F398EC008F0B19 /* DemoVC */ = {
			isa = PBXGroup;
			children = (
			);
			path = DemoVC;
			sourceTree = "<group>";
		};
		7DE2443820F39921008F0B19 /* Help */ = {
			isa = PBXGroup;
			children = (
				7DE2443920F39955008F0B19 /* AppConfig.swift */,
				7DE2443B20F3999F008F0B19 /* UIView+Extension.swift */,
				7DE2443D20F39B60008F0B19 /* UIViewController+Extension.swift */,
			);
			path = Help;
			sourceTree = "<group>";
		};
		7DE2444720F3A710008F0B19 /* Frameworks */ = {
			isa = PBXGroup;
			children = (
				7DE2444820F3A710008F0B19 /* UIKit.framework */,
				88839D4EAC9D7033257FB684 /* Pods_MKKit.framework */,
			);
			name = Frameworks;
			sourceTree = "<group>";
		};
		CAD691A49135F39E6B2254B3 /* Pods */ = {
			isa = PBXGroup;
			children = (
				A4814EC1DBC250DE83C1FB6C /* Pods-MKKit.debug.xcconfig */,
				0957FD33D7115AE0C1E41F9C /* Pods-MKKit.release.xcconfig */,
			);
			name = Pods;
			sourceTree = "<group>";
		};
/* End PBXGroup section */

/* Begin PBXNativeTarget section */
		7DE2440420F39781008F0B19 /* MKKit */ = {
			isa = PBXNativeTarget;
			buildConfigurationList = 7DE2442D20F39783008F0B19 /* Build configuration list for PBXNativeTarget "MKKit" */;
			buildPhases = (
				E86C19A90B07CB8A3C5FA6FD /* [CP] Check Pods Manifest.lock */,
				7DE2440120F39781008F0B19 /* Sources */,
				7DE2440220F39781008F0B19 /* Frameworks */,
				7DE2440320F39781008F0B19 /* Resources */,
				E6B61290DB33BB35BEC1EF10 /* [CP] Embed Pods Frameworks */,
			);
			buildRules = (
			);
			dependencies = (
			);
			name = MKKit;
			productName = MKKit;
			productReference = 7DE2440520F39781008F0B19 /* MKKit.app */;
			productType = "com.apple.product-type.application";
		};
		7DE2441820F39783008F0B19 /* MKKitTests */ = {
			isa = PBXNativeTarget;
			buildConfigurationList = 7DE2443020F39783008F0B19 /* Build configuration list for PBXNativeTarget "MKKitTests" */;
			buildPhases = (
				7DE2441520F39783008F0B19 /* Sources */,
				7DE2441620F39783008F0B19 /* Frameworks */,
				7DE2441720F39783008F0B19 /* Resources */,
			);
			buildRules = (
			);
			dependencies = (
				7DE2441B20F39783008F0B19 /* PBXTargetDependency */,
			);
			name = MKKitTests;
			productName = MKKitTests;
			productReference = 7DE2441920F39783008F0B19 /* MKKitTests.xctest */;
			productType = "com.apple.product-type.bundle.unit-test";
		};
		7DE2442320F39783008F0B19 /* MKKitUITests */ = {
			isa = PBXNativeTarget;
			buildConfigurationList = 7DE2443320F39783008F0B19 /* Build configuration list for PBXNativeTarget "MKKitUITests" */;
			buildPhases = (
				7DE2442020F39783008F0B19 /* Sources */,
				7DE2442120F39783008F0B19 /* Frameworks */,
				7DE2442220F39783008F0B19 /* Resources */,
			);
			buildRules = (
			);
			dependencies = (
				7DE2442620F39783008F0B19 /* PBXTargetDependency */,
			);
			name = MKKitUITests;
			productName = MKKitUITests;
			productReference = 7DE2442420F39783008F0B19 /* MKKitUITests.xctest */;
			productType = "com.apple.product-type.bundle.ui-testing";
		};
/* End PBXNativeTarget section */

/* Begin PBXProject section */
		7DE243FD20F39781008F0B19 /* Project object */ = {
			isa = PBXProject;
			attributes = {
				LastSwiftUpdateCheck = 0930;
				LastUpgradeCheck = 0930;
				ORGANIZATIONNAME = "施胡炜";
				TargetAttributes = {
					7DE2440420F39781008F0B19 = {
						CreatedOnToolsVersion = 9.3;
						LastSwiftMigration = 0930;
					};
					7DE2441820F39783008F0B19 = {
						CreatedOnToolsVersion = 9.3;
						TestTargetID = 7DE2440420F39781008F0B19;
					};
					7DE2442320F39783008F0B19 = {
						CreatedOnToolsVersion = 9.3;
						TestTargetID = 7DE2440420F39781008F0B19;
					};
				};
			};
			buildConfigurationList = 7DE2440020F39781008F0B19 /* Build configuration list for PBXProject "MKKit" */;
			compatibilityVersion = "Xcode 9.3";
			developmentRegion = en;
			hasScannedForEncodings = 0;
			knownRegions = (
				en,
				Base,
			);
			mainGroup = 7DE243FC20F39781008F0B19;
			productRefGroup = 7DE2440620F39781008F0B19 /* Products */;
			projectDirPath = "";
			projectRoot = "";
			targets = (
				7DE2440420F39781008F0B19 /* MKKit */,
				7DE2441820F39783008F0B19 /* MKKitTests */,
				7DE2442320F39783008F0B19 /* MKKitUITests */,
			);
		};
/* End PBXProject section */

/* Begin PBXResourcesBuildPhase section */
		7DE2440320F39781008F0B19 /* Resources */ = {
			isa = PBXResourcesBuildPhase;
			buildActionMask = 2147483647;
			files = (
				7DE2441320F39783008F0B19 /* LaunchScreen.storyboard in Resources */,
				7DE2441020F39783008F0B19 /* Assets.xcassets in Resources */,
				7DE2440E20F39781008F0B19 /* Main.storyboard in Resources */,
			);
			runOnlyForDeploymentPostprocessing = 0;
		};
		7DE2441720F39783008F0B19 /* Resources */ = {
			isa = PBXResourcesBuildPhase;
			buildActionMask = 2147483647;
			files = (
			);
			runOnlyForDeploymentPostprocessing = 0;
		};
		7DE2442220F39783008F0B19 /* Resources */ = {
			isa = PBXResourcesBuildPhase;
			buildActionMask = 2147483647;
			files = (
			);
			runOnlyForDeploymentPostprocessing = 0;
		};
/* End PBXResourcesBuildPhase section */

/* Begin PBXShellScriptBuildPhase section */
		E6B61290DB33BB35BEC1EF10 /* [CP] Embed Pods Frameworks */ = {
			isa = PBXShellScriptBuildPhase;
			buildActionMask = 2147483647;
			files = (
			);
			inputPaths = (
				"${SRCROOT}/Pods/Target Support Files/Pods-MKKit/Pods-MKKit-frameworks.sh",
				"${BUILT_PRODUCTS_DIR}/Alamofire/Alamofire.framework",
				"${BUILT_PRODUCTS_DIR}/InputKit/InputKit.framework",
				"${BUILT_PRODUCTS_DIR}/Moya/Moya.framework",
				"${BUILT_PRODUCTS_DIR}/Result/Result.framework",
				"${BUILT_PRODUCTS_DIR}/RxCocoa/RxCocoa.framework",
				"${BUILT_PRODUCTS_DIR}/RxSwift/RxSwift.framework",
				"${BUILT_PRODUCTS_DIR}/SVProgressHUD/SVProgressHUD.framework",
			);
			name = "[CP] Embed Pods Frameworks";
			outputPaths = (
				"${TARGET_BUILD_DIR}/${FRAMEWORKS_FOLDER_PATH}/Alamofire.framework",
				"${TARGET_BUILD_DIR}/${FRAMEWORKS_FOLDER_PATH}/InputKit.framework",
				"${TARGET_BUILD_DIR}/${FRAMEWORKS_FOLDER_PATH}/Moya.framework",
				"${TARGET_BUILD_DIR}/${FRAMEWORKS_FOLDER_PATH}/Result.framework",
				"${TARGET_BUILD_DIR}/${FRAMEWORKS_FOLDER_PATH}/RxCocoa.framework",
				"${TARGET_BUILD_DIR}/${FRAMEWORKS_FOLDER_PATH}/RxSwift.framework",
				"${TARGET_BUILD_DIR}/${FRAMEWORKS_FOLDER_PATH}/SVProgressHUD.framework",
			);
			runOnlyForDeploymentPostprocessing = 0;
			shellPath = /bin/sh;
			shellScript = "\"${SRCROOT}/Pods/Target Support Files/Pods-MKKit/Pods-MKKit-frameworks.sh\"\n";
			showEnvVarsInLog = 0;
		};
		E86C19A90B07CB8A3C5FA6FD /* [CP] Check Pods Manifest.lock */ = {
			isa = PBXShellScriptBuildPhase;
			buildActionMask = 2147483647;
			files = (
			);
			inputPaths = (
				"${PODS_PODFILE_DIR_PATH}/Podfile.lock",
				"${PODS_ROOT}/Manifest.lock",
			);
			name = "[CP] Check Pods Manifest.lock";
			outputPaths = (
				"$(DERIVED_FILE_DIR)/Pods-MKKit-checkManifestLockResult.txt",
			);
			runOnlyForDeploymentPostprocessing = 0;
			shellPath = /bin/sh;
			shellScript = "diff \"${PODS_PODFILE_DIR_PATH}/Podfile.lock\" \"${PODS_ROOT}/Manifest.lock\" > /dev/null\nif [ $? != 0 ] ; then\n    # print error to STDERR\n    echo \"error: The sandbox is not in sync with the Podfile.lock. Run 'pod install' or update your CocoaPods installation.\" >&2\n    exit 1\nfi\n# This output is used by Xcode 'outputs' to avoid re-running this script phase.\necho \"SUCCESS\" > \"${SCRIPT_OUTPUT_FILE_0}\"\n";
			showEnvVarsInLog = 0;
		};
/* End PBXShellScriptBuildPhase section */

/* Begin PBXSourcesBuildPhase section */
		7DE2440120F39781008F0B19 /* Sources */ = {
			isa = PBXSourcesBuildPhase;
			buildActionMask = 2147483647;
			files = (
				7DE2444E20F3AC2E008F0B19 /* MapTool.swift in Sources */,
				7DE2443A20F39955008F0B19 /* AppConfig.swift in Sources */,
				7DE2445620F3AE01008F0B19 /* UIColor+S4S.swift in Sources */,
				7DE2444020F3A54A008F0B19 /* GARegexHelper.swift in Sources */,
				7DE2445420F3ADA9008F0B19 /* UIViewController+Help.m in Sources */,
				7DE2445820F3AFC0008F0B19 /* PopMenu.swift in Sources */,
				7DE2444220F3A626008F0B19 /* Validate.swift in Sources */,
				7DE2444420F3A68D008F0B19 /* S4SAlert.swift in Sources */,
				7DE2445020F3ACFF008F0B19 /* DatePickerDialog.swift in Sources */,
				7DE2444B20F3A987008F0B19 /* S4STableViewController.swift in Sources */,
				7DE2440B20F39781008F0B19 /* ViewController.swift in Sources */,
				7DE2443C20F3999F008F0B19 /* UIView+Extension.swift in Sources */,
				7DE2444620F3A6DA008F0B19 /* String+S4S.swift in Sources */,
				7DE2443E20F39B60008F0B19 /* UIViewController+Extension.swift in Sources */,
				7DE2440920F39781008F0B19 /* AppDelegate.swift in Sources */,
			);
			runOnlyForDeploymentPostprocessing = 0;
		};
		7DE2441520F39783008F0B19 /* Sources */ = {
			isa = PBXSourcesBuildPhase;
			buildActionMask = 2147483647;
			files = (
				7DE2441E20F39783008F0B19 /* MKKitTests.swift in Sources */,
			);
			runOnlyForDeploymentPostprocessing = 0;
		};
		7DE2442020F39783008F0B19 /* Sources */ = {
			isa = PBXSourcesBuildPhase;
			buildActionMask = 2147483647;
			files = (
				7DE2442920F39783008F0B19 /* MKKitUITests.swift in Sources */,
			);
			runOnlyForDeploymentPostprocessing = 0;
		};
/* End PBXSourcesBuildPhase section */

/* Begin PBXTargetDependency section */
		7DE2441B20F39783008F0B19 /* PBXTargetDependency */ = {
			isa = PBXTargetDependency;
			target = 7DE2440420F39781008F0B19 /* MKKit */;
			targetProxy = 7DE2441A20F39783008F0B19 /* PBXContainerItemProxy */;
		};
		7DE2442620F39783008F0B19 /* PBXTargetDependency */ = {
			isa = PBXTargetDependency;
			target = 7DE2440420F39781008F0B19 /* MKKit */;
			targetProxy = 7DE2442520F39783008F0B19 /* PBXContainerItemProxy */;
		};
/* End PBXTargetDependency section */

/* Begin PBXVariantGroup section */
		7DE2440C20F39781008F0B19 /* Main.storyboard */ = {
			isa = PBXVariantGroup;
			children = (
				7DE2440D20F39781008F0B19 /* Base */,
			);
			name = Main.storyboard;
			sourceTree = "<group>";
		};
		7DE2441120F39783008F0B19 /* LaunchScreen.storyboard */ = {
			isa = PBXVariantGroup;
			children = (
				7DE2441220F39783008F0B19 /* Base */,
			);
			name = LaunchScreen.storyboard;
			sourceTree = "<group>";
		};
/* End PBXVariantGroup section */

/* Begin XCBuildConfiguration section */
		7DE2442B20F39783008F0B19 /* Debug */ = {
			isa = XCBuildConfiguration;
			buildSettings = {
				ALWAYS_SEARCH_USER_PATHS = NO;
				CLANG_ANALYZER_NONNULL = YES;
				CLANG_ANALYZER_NUMBER_OBJECT_CONVERSION = YES_AGGRESSIVE;
				CLANG_CXX_LANGUAGE_STANDARD = "gnu++14";
				CLANG_CXX_LIBRARY = "libc++";
				CLANG_ENABLE_MODULES = YES;
				CLANG_ENABLE_OBJC_ARC = YES;
				CLANG_ENABLE_OBJC_WEAK = YES;
				CLANG_WARN_BLOCK_CAPTURE_AUTORELEASING = YES;
				CLANG_WARN_BOOL_CONVERSION = YES;
				CLANG_WARN_COMMA = YES;
				CLANG_WARN_CONSTANT_CONVERSION = YES;
				CLANG_WARN_DEPRECATED_OBJC_IMPLEMENTATIONS = YES;
				CLANG_WARN_DIRECT_OBJC_ISA_USAGE = YES_ERROR;
				CLANG_WARN_DOCUMENTATION_COMMENTS = YES;
				CLANG_WARN_EMPTY_BODY = YES;
				CLANG_WARN_ENUM_CONVERSION = YES;
				CLANG_WARN_INFINITE_RECURSION = YES;
				CLANG_WARN_INT_CONVERSION = YES;
				CLANG_WARN_NON_LITERAL_NULL_CONVERSION = YES;
				CLANG_WARN_OBJC_IMPLICIT_RETAIN_SELF = YES;
				CLANG_WARN_OBJC_LITERAL_CONVERSION = YES;
				CLANG_WARN_OBJC_ROOT_CLASS = YES_ERROR;
				CLANG_WARN_RANGE_LOOP_ANALYSIS = YES;
				CLANG_WARN_STRICT_PROTOTYPES = YES;
				CLANG_WARN_SUSPICIOUS_MOVE = YES;
				CLANG_WARN_UNGUARDED_AVAILABILITY = YES_AGGRESSIVE;
				CLANG_WARN_UNREACHABLE_CODE = YES;
				CLANG_WARN__DUPLICATE_METHOD_MATCH = YES;
				CODE_SIGN_IDENTITY = "iPhone Developer";
				COPY_PHASE_STRIP = NO;
				DEBUG_INFORMATION_FORMAT = dwarf;
				ENABLE_STRICT_OBJC_MSGSEND = YES;
				ENABLE_TESTABILITY = YES;
				GCC_C_LANGUAGE_STANDARD = gnu11;
				GCC_DYNAMIC_NO_PIC = NO;
				GCC_NO_COMMON_BLOCKS = YES;
				GCC_OPTIMIZATION_LEVEL = 0;
				GCC_PREPROCESSOR_DEFINITIONS = (
					"DEBUG=1",
					"$(inherited)",
				);
				GCC_WARN_64_TO_32_BIT_CONVERSION = YES;
				GCC_WARN_ABOUT_RETURN_TYPE = YES_ERROR;
				GCC_WARN_UNDECLARED_SELECTOR = YES;
				GCC_WARN_UNINITIALIZED_AUTOS = YES_AGGRESSIVE;
				GCC_WARN_UNUSED_FUNCTION = YES;
				GCC_WARN_UNUSED_VARIABLE = YES;
				IPHONEOS_DEPLOYMENT_TARGET = 11.3;
				MTL_ENABLE_DEBUG_INFO = YES;
				ONLY_ACTIVE_ARCH = YES;
				SDKROOT = iphoneos;
				SWIFT_ACTIVE_COMPILATION_CONDITIONS = DEBUG;
				SWIFT_OPTIMIZATION_LEVEL = "-Onone";
			};
			name = Debug;
		};
		7DE2442C20F39783008F0B19 /* Release */ = {
			isa = XCBuildConfiguration;
			buildSettings = {
				ALWAYS_SEARCH_USER_PATHS = NO;
				CLANG_ANALYZER_NONNULL = YES;
				CLANG_ANALYZER_NUMBER_OBJECT_CONVERSION = YES_AGGRESSIVE;
				CLANG_CXX_LANGUAGE_STANDARD = "gnu++14";
				CLANG_CXX_LIBRARY = "libc++";
				CLANG_ENABLE_MODULES = YES;
				CLANG_ENABLE_OBJC_ARC = YES;
				CLANG_ENABLE_OBJC_WEAK = YES;
				CLANG_WARN_BLOCK_CAPTURE_AUTORELEASING = YES;
				CLANG_WARN_BOOL_CONVERSION = YES;
				CLANG_WARN_COMMA = YES;
				CLANG_WARN_CONSTANT_CONVERSION = YES;
				CLANG_WARN_DEPRECATED_OBJC_IMPLEMENTATIONS = YES;
				CLANG_WARN_DIRECT_OBJC_ISA_USAGE = YES_ERROR;
				CLANG_WARN_DOCUMENTATION_COMMENTS = YES;
				CLANG_WARN_EMPTY_BODY = YES;
				CLANG_WARN_ENUM_CONVERSION = YES;
				CLANG_WARN_INFINITE_RECURSION = YES;
				CLANG_WARN_INT_CONVERSION = YES;
				CLANG_WARN_NON_LITERAL_NULL_CONVERSION = YES;
				CLANG_WARN_OBJC_IMPLICIT_RETAIN_SELF = YES;
				CLANG_WARN_OBJC_LITERAL_CONVERSION = YES;
				CLANG_WARN_OBJC_ROOT_CLASS = YES_ERROR;
				CLANG_WARN_RANGE_LOOP_ANALYSIS = YES;
				CLANG_WARN_STRICT_PROTOTYPES = YES;
				CLANG_WARN_SUSPICIOUS_MOVE = YES;
				CLANG_WARN_UNGUARDED_AVAILABILITY = YES_AGGRESSIVE;
				CLANG_WARN_UNREACHABLE_CODE = YES;
				CLANG_WARN__DUPLICATE_METHOD_MATCH = YES;
				CODE_SIGN_IDENTITY = "iPhone Developer";
				COPY_PHASE_STRIP = NO;
				DEBUG_INFORMATION_FORMAT = "dwarf-with-dsym";
				ENABLE_NS_ASSERTIONS = NO;
				ENABLE_STRICT_OBJC_MSGSEND = YES;
				GCC_C_LANGUAGE_STANDARD = gnu11;
				GCC_NO_COMMON_BLOCKS = YES;
				GCC_WARN_64_TO_32_BIT_CONVERSION = YES;
				GCC_WARN_ABOUT_RETURN_TYPE = YES_ERROR;
				GCC_WARN_UNDECLARED_SELECTOR = YES;
				GCC_WARN_UNINITIALIZED_AUTOS = YES_AGGRESSIVE;
				GCC_WARN_UNUSED_FUNCTION = YES;
				GCC_WARN_UNUSED_VARIABLE = YES;
				IPHONEOS_DEPLOYMENT_TARGET = 11.3;
				MTL_ENABLE_DEBUG_INFO = NO;
				SDKROOT = iphoneos;
				SWIFT_COMPILATION_MODE = wholemodule;
				SWIFT_OPTIMIZATION_LEVEL = "-O";
				VALIDATE_PRODUCT = YES;
			};
			name = Release;
		};
		7DE2442E20F39783008F0B19 /* Debug */ = {
			isa = XCBuildConfiguration;
			baseConfigurationReference = A4814EC1DBC250DE83C1FB6C /* Pods-MKKit.debug.xcconfig */;
			buildSettings = {
				ASSETCATALOG_COMPILER_APPICON_NAME = AppIcon;
				CLANG_ENABLE_MODULES = YES;
				CODE_SIGN_STYLE = Automatic;
				DEVELOPMENT_TEAM = P94799YN2Z;
				INFOPLIST_FILE = MKKit/Info.plist;
				LD_RUNPATH_SEARCH_PATHS = (
					"$(inherited)",
					"@executable_path/Frameworks",
				);
				PRODUCT_BUNDLE_IDENTIFIER = com.mike.MKKit;
				PRODUCT_NAME = "$(TARGET_NAME)";
				SWIFT_OBJC_BRIDGING_HEADER = "MKKit/MKKit/MKKit-Bridging-Header.h";
				SWIFT_OPTIMIZATION_LEVEL = "-Onone";
				SWIFT_VERSION = 4.0;
				TARGETED_DEVICE_FAMILY = "1,2";
			};
			name = Debug;
		};
		7DE2442F20F39783008F0B19 /* Release */ = {
			isa = XCBuildConfiguration;
			baseConfigurationReference = 0957FD33D7115AE0C1E41F9C /* Pods-MKKit.release.xcconfig */;
			buildSettings = {
				ASSETCATALOG_COMPILER_APPICON_NAME = AppIcon;
				CLANG_ENABLE_MODULES = YES;
				CODE_SIGN_STYLE = Automatic;
				DEVELOPMENT_TEAM = P94799YN2Z;
				INFOPLIST_FILE = MKKit/Info.plist;
				LD_RUNPATH_SEARCH_PATHS = (
					"$(inherited)",
					"@executable_path/Frameworks",
				);
				PRODUCT_BUNDLE_IDENTIFIER = com.mike.MKKit;
				PRODUCT_NAME = "$(TARGET_NAME)";
				SWIFT_OBJC_BRIDGING_HEADER = "MKKit/MKKit/MKKit-Bridging-Header.h";
				SWIFT_VERSION = 4.0;
				TARGETED_DEVICE_FAMILY = "1,2";
			};
			name = Release;
		};
		7DE2443120F39783008F0B19 /* Debug */ = {
			isa = XCBuildConfiguration;
			buildSettings = {
				ALWAYS_EMBED_SWIFT_STANDARD_LIBRARIES = YES;
				BUNDLE_LOADER = "$(TEST_HOST)";
				CODE_SIGN_STYLE = Automatic;
				DEVELOPMENT_TEAM = P94799YN2Z;
				INFOPLIST_FILE = MKKitTests/Info.plist;
				LD_RUNPATH_SEARCH_PATHS = (
					"$(inherited)",
					"@executable_path/Frameworks",
					"@loader_path/Frameworks",
				);
				PRODUCT_BUNDLE_IDENTIFIER = com.mike.MKKitTests;
				PRODUCT_NAME = "$(TARGET_NAME)";
				SWIFT_VERSION = 4.0;
				TARGETED_DEVICE_FAMILY = "1,2";
				TEST_HOST = "$(BUILT_PRODUCTS_DIR)/MKKit.app/MKKit";
			};
			name = Debug;
		};
		7DE2443220F39783008F0B19 /* Release */ = {
			isa = XCBuildConfiguration;
			buildSettings = {
				ALWAYS_EMBED_SWIFT_STANDARD_LIBRARIES = YES;
				BUNDLE_LOADER = "$(TEST_HOST)";
				CODE_SIGN_STYLE = Automatic;
				DEVELOPMENT_TEAM = P94799YN2Z;
				INFOPLIST_FILE = MKKitTests/Info.plist;
				LD_RUNPATH_SEARCH_PATHS = (
					"$(inherited)",
					"@executable_path/Frameworks",
					"@loader_path/Frameworks",
				);
				PRODUCT_BUNDLE_IDENTIFIER = com.mike.MKKitTests;
				PRODUCT_NAME = "$(TARGET_NAME)";
				SWIFT_VERSION = 4.0;
				TARGETED_DEVICE_FAMILY = "1,2";
				TEST_HOST = "$(BUILT_PRODUCTS_DIR)/MKKit.app/MKKit";
			};
			name = Release;
		};
		7DE2443420F39783008F0B19 /* Debug */ = {
			isa = XCBuildConfiguration;
			buildSettings = {
				ALWAYS_EMBED_SWIFT_STANDARD_LIBRARIES = YES;
				CODE_SIGN_STYLE = Automatic;
				DEVELOPMENT_TEAM = P94799YN2Z;
				INFOPLIST_FILE = MKKitUITests/Info.plist;
				LD_RUNPATH_SEARCH_PATHS = (
					"$(inherited)",
					"@executable_path/Frameworks",
					"@loader_path/Frameworks",
				);
				PRODUCT_BUNDLE_IDENTIFIER = com.mike.MKKitUITests;
				PRODUCT_NAME = "$(TARGET_NAME)";
				SWIFT_VERSION = 4.0;
				TARGETED_DEVICE_FAMILY = "1,2";
				TEST_TARGET_NAME = MKKit;
			};
			name = Debug;
		};
		7DE2443520F39783008F0B19 /* Release */ = {
			isa = XCBuildConfiguration;
			buildSettings = {
				ALWAYS_EMBED_SWIFT_STANDARD_LIBRARIES = YES;
				CODE_SIGN_STYLE = Automatic;
				DEVELOPMENT_TEAM = P94799YN2Z;
				INFOPLIST_FILE = MKKitUITests/Info.plist;
				LD_RUNPATH_SEARCH_PATHS = (
					"$(inherited)",
					"@executable_path/Frameworks",
					"@loader_path/Frameworks",
				);
				PRODUCT_BUNDLE_IDENTIFIER = com.mike.MKKitUITests;
				PRODUCT_NAME = "$(TARGET_NAME)";
				SWIFT_VERSION = 4.0;
				TARGETED_DEVICE_FAMILY = "1,2";
				TEST_TARGET_NAME = MKKit;
			};
			name = Release;
		};
/* End XCBuildConfiguration section */

/* Begin XCConfigurationList section */
		7DE2440020F39781008F0B19 /* Build configuration list for PBXProject "MKKit" */ = {
			isa = XCConfigurationList;
			buildConfigurations = (
				7DE2442B20F39783008F0B19 /* Debug */,
				7DE2442C20F39783008F0B19 /* Release */,
			);
			defaultConfigurationIsVisible = 0;
			defaultConfigurationName = Release;
		};
		7DE2442D20F39783008F0B19 /* Build configuration list for PBXNativeTarget "MKKit" */ = {
			isa = XCConfigurationList;
			buildConfigurations = (
				7DE2442E20F39783008F0B19 /* Debug */,
				7DE2442F20F39783008F0B19 /* Release */,
			);
			defaultConfigurationIsVisible = 0;
			defaultConfigurationName = Release;
		};
		7DE2443020F39783008F0B19 /* Build configuration list for PBXNativeTarget "MKKitTests" */ = {
			isa = XCConfigurationList;
			buildConfigurations = (
				7DE2443120F39783008F0B19 /* Debug */,
				7DE2443220F39783008F0B19 /* Release */,
			);
			defaultConfigurationIsVisible = 0;
			defaultConfigurationName = Release;
		};
		7DE2443320F39783008F0B19 /* Build configuration list for PBXNativeTarget "MKKitUITests" */ = {
			isa = XCConfigurationList;
			buildConfigurations = (
				7DE2443420F39783008F0B19 /* Debug */,
				7DE2443520F39783008F0B19 /* Release */,
			);
			defaultConfigurationIsVisible = 0;
			defaultConfigurationName = Release;
		};
/* End XCConfigurationList section */
	};
	rootObject = 7DE243FD20F39781008F0B19 /* Project object */;
}
